
Microsoft Visual Studio Solution File, Format Version 12.00
# Visual Studio 14
VisualStudioVersion = 14.0.25420.1
MinimumVisualStudioVersion = 10.0.40219.1
Project("{FAE04EC0-301F-11D3-BF4B-00C04F79EFBC}") = "UnderPowerMonitorWindowsService", "UnderPowerMonitorWindowsService\UnderPowerMonitorWindowsService.csproj", "{022EAC8B-EA1E-4980-9556-29B8D5C3414A}"
EndProject
Project("{FAE04EC0-301F-11D3-BF4B-00C04F79EFBC}") = "ConsoleApplication1", "ConsoleApplication1\ConsoleApplication1.csproj", "{646DE448-1860-4D75-A706-8579AFCB1460}"
EndProject
Project("{F088123C-0E9E-452A-89E6-6BA2F21D5CAC}") = "ModelingProject1", "ModelingProject1\ModelingProject1.modelproj", "{3C9C5420-FC04-426A-80A9-5DB79BD30D0E}"
EndProject
Project("{FAE04EC0-301F-11D3-BF4B-00C04F79EFBC}") = "ConsoleApplication2", "ConsoleApplication2\ConsoleApplication2.csproj", "{792D6917-51E8-495D-8070-25B31144387C}"
EndProject
Global
	GlobalSection(SolutionConfigurationPlatforms) = preSolution
		Debug|Any CPU = Debug|Any CPU
		Release|Any CPU = Release|Any CPU
	EndGlobalSection
	GlobalSection(ProjectConfigurationPlatforms) = postSolution
		{022EAC8B-EA1E-4980-9556-29B8D5C3414A}.Debug|Any CPU.ActiveCfg = Debug|Any CPU
		{022EAC8B-EA1E-4980-9556-29B8D5C3414A}.Debug|Any CPU.Build.0 = Debug|Any CPU
		{022EAC8B-EA1E-4980-9556-29B8D5C3414A}.Release|Any CPU.ActiveCfg = Release|Any CPU
		{022EAC8B-EA1E-4980-9556-29B8D5C3414A}.Release|Any CPU.Build.0 = Release|Any CPU
		{646DE448-1860-4D75-A706-8579AFCB1460}.Debug|Any CPU.ActiveCfg = Debug|Any CPU
		{646DE448-1860-4D75-A706-8579AFCB1460}.Debug|Any CPU.Build.0 = Debug|Any CPU
		{646DE448-1860-4D75-A706-8579AFCB1460}.Release|Any CPU.ActiveCfg = Release|Any CPU
		{646DE448-1860-4D75-A706-8579AFCB1460}.Release|Any CPU.Build.0 = Release|Any CPU
		{3C9C5420-FC04-426A-80A9-5DB79BD30D0E}.Debug|Any CPU.ActiveCfg = Debug|Any CPU
		{3C9C5420-FC04-426A-80A9-5DB79BD30D0E}.Debug|Any CPU.Build.0 = Debug|Any CPU
		{3C9C5420-FC04-426A-80A9-5DB79BD30D0E}.Release|Any CPU.ActiveCfg = Release|Any CPU
		{3C9C5420-FC04-426A-80A9-5DB79BD30D0E}.Release|Any CPU.Build.0 = Release|Any CPU
		{792D6917-51E8-495D-8070-25B31144387C}.Debug|Any CPU.ActiveCfg = Debug|Any CPU
		{792D6917-51E8-495D-8070-25B31144387C}.Debug|Any CPU.Build.0 = Debug|Any CPU
		{792D6917-51E8-495D-8070-25B31144387C}.Release|Any CPU.ActiveCfg = Release|Any CPU
		{792D6917-51E8-495D-8070-25B31144387C}.Release|Any CPU.Build.0 = Release|Any CPU
	EndGlobalSection
	GlobalSection(SolutionProperties) = preSolution
		HideSolutionNode = FALSE
	EndGlobalSection
EndGlobal
